{
  "originHash" : "df16d8f61bd769da1aed3349e7112ddaefb7698a55e649fc3d23983d4f5d7847",
  "pins" : [
    {
      "identity" : "shared-design-tokens",
      "kind" : "remoteSourceControl",
      "location" : "https://github.com/LeePepe/shared-design-tokens.git",
      "state" : {
        "revision" : "234b7d0b058474f1aa3f0edeab1be6084ad7eca5",
        "version" : "0.1.1"
      }
    }
  ],
  "version" : 3
}
